
Microsoft Visual Studio Solution File, Format Version 12.00
# Visual Studio Version 17
VisualStudioVersion = 17.4.33110.190
MinimumVisualStudioVersion = 10.0.40219.1
Project("{9A19103F-16F7-4668-BE54-9A1E7A4F7556}") = "IndianStatesCensusAnalyserProblem", "IndianStatesCensusAnalyserProblem\IndianStatesCensusAnalyserProblem.csproj", "{450C6D85-B96B-43B5-A573-B70F8FDA2CF7}"
EndProject
Project("{FAE04EC0-301F-11D3-BF4B-00C04F79EFBC}") = "IndianStatesCensusAnalyserTest", "IndianStatesCensusAnalyserTest\IndianStatesCensusAnalyserTest.csproj", "{798CB8CD-940C-4481-988D-D149547234BD}"
EndProject
Global
	GlobalSection(SolutionConfigurationPlatforms) = preSolution
		Debug|Any CPU = Debug|Any CPU
		Release|Any CPU = Release|Any CPU
	EndGlobalSection
	GlobalSection(ProjectConfigurationPlatforms) = postSolution
		{450C6D85-B96B-43B5-A573-B70F8FDA2CF7}.Debug|Any CPU.ActiveCfg = Debug|Any CPU
		{450C6D85-B96B-43B5-A573-B70F8FDA2CF7}.Debug|Any CPU.Build.0 = Debug|Any CPU
		{450C6D85-B96B-43B5-A573-B70F8FDA2CF7}.Release|Any CPU.ActiveCfg = Release|Any CPU
		{450C6D85-B96B-43B5-A573-B70F8FDA2CF7}.Release|Any CPU.Build.0 = Release|Any CPU
		{798CB8CD-940C-4481-988D-D149547234BD}.Debug|Any CPU.ActiveCfg = Debug|Any CPU
		{798CB8CD-940C-4481-988D-D149547234BD}.Debug|Any CPU.Build.0 = Debug|Any CPU
		{798CB8CD-940C-4481-988D-D149547234BD}.Release|Any CPU.ActiveCfg = Release|Any CPU
		{798CB8CD-940C-4481-988D-D149547234BD}.Release|Any CPU.Build.0 = Release|Any CPU
	EndGlobalSection
	GlobalSection(SolutionProperties) = preSolution
		HideSolutionNode = FALSE
	EndGlobalSection
	GlobalSection(ExtensibilityGlobals) = postSolution
		SolutionGuid = {9A267FA4-38FC-4B2C-B1F8-57FA1E9A001D}
	EndGlobalSection
EndGlobal
